
Microsoft Visual Studio Solution File, Format Version 12.00
# Visual Studio Version 16
VisualStudioVersion = 16.0.31105.61
MinimumVisualStudioVersion = 10.0.40219.1
Project("{FAE04EC0-301F-11D3-BF4B-00C04F79EFBC}") = "Tutorijal3", "Tutorijal3\Tutorijal3.csproj", "{A49390A5-A444-4F28-93F9-E538B8B18221}"
EndProject
Global
	GlobalSection(SolutionConfigurationPlatforms) = preSolution
		Debug|Any CPU = Debug|Any CPU
		Release|Any CPU = Release|Any CPU
	EndGlobalSection
	GlobalSection(ProjectConfigurationPlatforms) = postSolution
		{A49390A5-A444-4F28-93F9-E538B8B18221}.Debug|Any CPU.ActiveCfg = Debug|Any CPU
		{A49390A5-A444-4F28-93F9-E538B8B18221}.Debug|Any CPU.Build.0 = Debug|Any CPU
		{A49390A5-A444-4F28-93F9-E538B8B18221}.Release|Any CPU.ActiveCfg = Release|Any CPU
		{A49390A5-A444-4F28-93F9-E538B8B18221}.Release|Any CPU.Build.0 = Release|Any CPU
	EndGlobalSection
	GlobalSection(SolutionProperties) = preSolution
		HideSolutionNode = FALSE
	EndGlobalSection
	GlobalSection(ExtensibilityGlobals) = postSolution
		SolutionGuid = {D5C57607-2134-4182-96DF-04DA15C0251A}
	EndGlobalSection
EndGlobal
